
Microsoft Visual Studio Solution File, Format Version 12.00
# Visual Studio Version 16
VisualStudioVersion = 16.0.31410.357
MinimumVisualStudioVersion = 10.0.40219.1
Project("{FAE04EC0-301F-11D3-BF4B-00C04F79EFBC}") = "volkovSamost", "volkovSamost.csproj", "{1BE66C8B-BC7D-405A-8D40-256D32DEBF6B}"
EndProject
Global
	GlobalSection(SolutionConfigurationPlatforms) = preSolution
		Debug|Any CPU = Debug|Any CPU
		Release|Any CPU = Release|Any CPU
	EndGlobalSection
	GlobalSection(ProjectConfigurationPlatforms) = postSolution
		{1BE66C8B-BC7D-405A-8D40-256D32DEBF6B}.Debug|Any CPU.ActiveCfg = Debug|Any CPU
		{1BE66C8B-BC7D-405A-8D40-256D32DEBF6B}.Debug|Any CPU.Build.0 = Debug|Any CPU
		{1BE66C8B-BC7D-405A-8D40-256D32DEBF6B}.Release|Any CPU.ActiveCfg = Release|Any CPU
		{1BE66C8B-BC7D-405A-8D40-256D32DEBF6B}.Release|Any CPU.Build.0 = Release|Any CPU
	EndGlobalSection
	GlobalSection(SolutionProperties) = preSolution
		HideSolutionNode = FALSE
	EndGlobalSection
	GlobalSection(ExtensibilityGlobals) = postSolution
		SolutionGuid = {9A39EF0A-C139-4DC7-9601-93395A1C8FAA}
	EndGlobalSection
EndGlobal
